// !$*UTF8*$!
{
	archiveVersion = 1;
	classes = {
	};
	objectVersion = 46;
	objects = {

/* Begin PBXBuildFile section */
		1F9185581C9CF53C00528804 /* main.m in Sources */ = {isa = PBXBuildFile; fileRef = 1F9185571C9CF53C00528804 /* main.m */; };
		1F91855B1C9CF53C00528804 /* AppDelegate.m in Sources */ = {isa = PBXBuildFile; fileRef = 1F91855A1C9CF53C00528804 /* AppDelegate.m */; };
		1F91855E1C9CF53C00528804 /* JALoginViewController.m in Sources */ = {isa = PBXBuildFile; fileRef = 1F91855D1C9CF53C00528804 /* JALoginViewController.m */; };
		1F9185611C9CF53C00528804 /* Main.storyboard in Resources */ = {isa = PBXBuildFile; fileRef = 1F91855F1C9CF53C00528804 /* Main.storyboard */; };
		1F9185631C9CF53C00528804 /* Assets.xcassets in Resources */ = {isa = PBXBuildFile; fileRef = 1F9185621C9CF53C00528804 /* Assets.xcassets */; };
		1F9185661C9CF53C00528804 /* LaunchScreen.storyboard in Resources */ = {isa = PBXBuildFile; fileRef = 1F9185641C9CF53C00528804 /* LaunchScreen.storyboard */; };
		1FE771EA1C9CFCE0008AB9CF /* JARepoTableViewController.m in Sources */ = {isa = PBXBuildFile; fileRef = 1FE771E91C9CFCE0008AB9CF /* JARepoTableViewController.m */; };
		1FE771EE1C9CFD1B008AB9CF /* JARepoTableViewCell.m in Sources */ = {isa = PBXBuildFile; fileRef = 1FE771ED1C9CFD1B008AB9CF /* JARepoTableViewCell.m */; };
		1FE771F21C9CFD7E008AB9CF /* JAWebViewController.m in Sources */ = {isa = PBXBuildFile; fileRef = 1FE771F11C9CFD7E008AB9CF /* JAWebViewController.m */; };
		1FE771F61C9D0080008AB9CF /* JAClientManager.m in Sources */ = {isa = PBXBuildFile; fileRef = 1FE771F51C9D0080008AB9CF /* JAClientManager.m */; };
		2A42E86165A51B72EEBDD66C /* libPods-Github Client.a in Frameworks */ = {isa = PBXBuildFile; fileRef = 8D86F047379CD28C9074711D /* libPods-Github Client.a */; };
/* End PBXBuildFile section */

/* Begin PBXFileReference section */
		1F9185531C9CF53C00528804 /* Github Client.app */ = {isa = PBXFileReference; explicitFileType = wrapper.application; includeInIndex = 0; path = "Github Client.app"; sourceTree = BUILT_PRODUCTS_DIR; };
		1F9185571C9CF53C00528804 /* main.m */ = {isa = PBXFileReference; lastKnownFileType = sourcecode.c.objc; path = main.m; sourceTree = "<group>"; };
		1F9185591C9CF53C00528804 /* AppDelegate.h */ = {isa = PBXFileReference; lastKnownFileType = sourcecode.c.h; path = AppDelegate.h; sourceTree = "<group>"; };
		1F91855A1C9CF53C00528804 /* AppDelegate.m */ = {isa = PBXFileReference; lastKnownFileType = sourcecode.c.objc; path = AppDelegate.m; sourceTree = "<group>"; };
		1F91855C1C9CF53C00528804 /* JALoginViewController.h */ = {isa = PBXFileReference; lastKnownFileType = sourcecode.c.h; path = JALoginViewController.h; sourceTree = "<group>"; };
		1F91855D1C9CF53C00528804 /* JALoginViewController.m */ = {isa = PBXFileReference; lastKnownFileType = sourcecode.c.objc; path = JALoginViewController.m; sourceTree = "<group>"; };
		1F9185601C9CF53C00528804 /* Base */ = {isa = PBXFileReference; lastKnownFileType = file.storyboard; name = Base; path = Base.lproj/Main.storyboard; sourceTree = "<group>"; };
		1F9185621C9CF53C00528804 /* Assets.xcassets */ = {isa = PBXFileReference; lastKnownFileType = folder.assetcatalog; path = Assets.xcassets; sourceTree = "<group>"; };
		1F9185651C9CF53C00528804 /* Base */ = {isa = PBXFileReference; lastKnownFileType = file.storyboard; name = Base; path = Base.lproj/LaunchScreen.storyboard; sourceTree = "<group>"; };
		1F9185671C9CF53C00528804 /* Info.plist */ = {isa = PBXFileReference; lastKnownFileType = text.plist.xml; path = Info.plist; sourceTree = "<group>"; };
		1FE771E81C9CFCE0008AB9CF /* JARepoTableViewController.h */ = {isa = PBXFileReference; fileEncoding = 4; lastKnownFileType = sourcecode.c.h; path = JARepoTableViewController.h; sourceTree = "<group>"; };
		1FE771E91C9CFCE0008AB9CF /* JARepoTableViewController.m */ = {isa = PBXFileReference; fileEncoding = 4; lastKnownFileType = sourcecode.c.objc; path = JARepoTableViewController.m; sourceTree = "<group>"; };
		1FE771EC1C9CFD1B008AB9CF /* JARepoTableViewCell.h */ = {isa = PBXFileReference; fileEncoding = 4; lastKnownFileType = sourcecode.c.h; path = JARepoTableViewCell.h; sourceTree = "<group>"; };
		1FE771ED1C9CFD1B008AB9CF /* JARepoTableViewCell.m */ = {isa = PBXFileReference; fileEncoding = 4; lastKnownFileType = sourcecode.c.objc; path = JARepoTableViewCell.m; sourceTree = "<group>"; };
		1FE771F01C9CFD7E008AB9CF /* JAWebViewController.h */ = {isa = PBXFileReference; fileEncoding = 4; lastKnownFileType = sourcecode.c.h; path = JAWebViewController.h; sourceTree = "<group>"; };
		1FE771F11C9CFD7E008AB9CF /* JAWebViewController.m */ = {isa = PBXFileReference; fileEncoding = 4; lastKnownFileType = sourcecode.c.objc; path = JAWebViewController.m; sourceTree = "<group>"; };
		1FE771F41C9D0080008AB9CF /* JAClientManager.h */ = {isa = PBXFileReference; fileEncoding = 4; lastKnownFileType = sourcecode.c.h; path = JAClientManager.h; sourceTree = "<group>"; };
		1FE771F51C9D0080008AB9CF /* JAClientManager.m */ = {isa = PBXFileReference; fileEncoding = 4; lastKnownFileType = sourcecode.c.objc; path = JAClientManager.m; sourceTree = "<group>"; };
		8D86F047379CD28C9074711D /* libPods-Github Client.a */ = {isa = PBXFileReference; explicitFileType = archive.ar; includeInIndex = 0; path = "libPods-Github Client.a"; sourceTree = BUILT_PRODUCTS_DIR; };
		A2131094E0F2B3A34ECC33B2 /* Pods-Github Client.release.xcconfig */ = {isa = PBXFileReference; includeInIndex = 1; lastKnownFileType = text.xcconfig; name = "Pods-Github Client.release.xcconfig"; path = "Pods/Target Support Files/Pods-Github Client/Pods-Github Client.release.xcconfig"; sourceTree = "<group>"; };
		C53DD50BA95F97454D612466 /* Pods-Github Client.debug.xcconfig */ = {isa = PBXFileReference; includeInIndex = 1; lastKnownFileType = text.xcconfig; name = "Pods-Github Client.debug.xcconfig"; path = "Pods/Target Support Files/Pods-Github Client/Pods-Github Client.debug.xcconfig"; sourceTree = "<group>"; };
/* End PBXFileReference section */

/* Begin PBXFrameworksBuildPhase section */
		1F9185501C9CF53C00528804 /* Frameworks */ = {
			isa = PBXFrameworksBuildPhase;
			buildActionMask = 2147483647;
			files = (
				2A42E86165A51B72EEBDD66C /* libPods-Github Client.a in Frameworks */,
			);
			runOnlyForDeploymentPostprocessing = 0;
		};
/* End PBXFrameworksBuildPhase section */

/* Begin PBXGroup section */
		1F91854A1C9CF53C00528804 = {
			isa = PBXGroup;
			children = (
				1F9185551C9CF53C00528804 /* Github Client */,
				1F9185541C9CF53C00528804 /* Products */,
				7344C81DC72D063635B51D5E /* Pods */,
				DD862BD0802808D63C8D4C5C /* Frameworks */,
			);
			sourceTree = "<group>";
		};
		1F9185541C9CF53C00528804 /* Products */ = {
			isa = PBXGroup;
			children = (
				1F9185531C9CF53C00528804 /* Github Client.app */,
			);
			name = Products;
			sourceTree = "<group>";
		};
		1F9185551C9CF53C00528804 /* Github Client */ = {
			isa = PBXGroup;
			children = (
				1FE771F31C9D0069008AB9CF /* Managers */,
				1FE771EB1C9CFD00008AB9CF /* Views */,
				1FE771E71C9CFC98008AB9CF /* View Controllers */,
				1F9185561C9CF53C00528804 /* Supporting Files */,
			);
			path = "Github Client";
			sourceTree = "<group>";
		};
		1F9185561C9CF53C00528804 /* Supporting Files */ = {
			isa = PBXGroup;
			children = (
				1F9185571C9CF53C00528804 /* main.m */,
				1F9185591C9CF53C00528804 /* AppDelegate.h */,
				1F91855A1C9CF53C00528804 /* AppDelegate.m */,
				1F9185671C9CF53C00528804 /* Info.plist */,
				1F91855F1C9CF53C00528804 /* Main.storyboard */,
				1F9185621C9CF53C00528804 /* Assets.xcassets */,
				1F9185641C9CF53C00528804 /* LaunchScreen.storyboard */,
			);
			name = "Supporting Files";
			sourceTree = "<group>";
		};
		1FE771E71C9CFC98008AB9CF /* View Controllers */ = {
			isa = PBXGroup;
			children = (
				1F91855C1C9CF53C00528804 /* JALoginViewController.h */,
				1F91855D1C9CF53C00528804 /* JALoginViewController.m */,
				1FE771E81C9CFCE0008AB9CF /* JARepoTableViewController.h */,
				1FE771E91C9CFCE0008AB9CF /* JARepoTableViewController.m */,
				1FE771F01C9CFD7E008AB9CF /* JAWebViewController.h */,
				1FE771F11C9CFD7E008AB9CF /* JAWebViewController.m */,
			);
			name = "View Controllers";
			sourceTree = "<group>";
		};
		1FE771EB1C9CFD00008AB9CF /* Views */ = {
			isa = PBXGroup;
			children = (
				1FE771EC1C9CFD1B008AB9CF /* JARepoTableViewCell.h */,
				1FE771ED1C9CFD1B008AB9CF /* JARepoTableViewCell.m */,
			);
			name = Views;
			sourceTree = "<group>";
		};
		1FE771F31C9D0069008AB9CF /* Managers */ = {
			isa = PBXGroup;
			children = (
				1FE771F41C9D0080008AB9CF /* JAClientManager.h */,
				1FE771F51C9D0080008AB9CF /* JAClientManager.m */,
			);
			name = Managers;
			sourceTree = "<group>";
		};
		7344C81DC72D063635B51D5E /* Pods */ = {
			isa = PBXGroup;
			children = (
				C53DD50BA95F97454D612466 /* Pods-Github Client.debug.xcconfig */,
				A2131094E0F2B3A34ECC33B2 /* Pods-Github Client.release.xcconfig */,
			);
			name = Pods;
			sourceTree = "<group>";
		};
		DD862BD0802808D63C8D4C5C /* Frameworks */ = {
			isa = PBXGroup;
			children = (
				8D86F047379CD28C9074711D /* libPods-Github Client.a */,
			);
			name = Frameworks;
			sourceTree = "<group>";
		};
/* End PBXGroup section */

/* Begin PBXNativeTarget section */
		1F9185521C9CF53C00528804 /* Github Client */ = {
			isa = PBXNativeTarget;
			buildConfigurationList = 1F91856A1C9CF53C00528804 /* Build configuration list for PBXNativeTarget "Github Client" */;
			buildPhases = (
				35D1FEF7BDD12B37F7F8265B /* Check Pods Manifest.lock */,
				1F91854F1C9CF53C00528804 /* Sources */,
				1F9185501C9CF53C00528804 /* Frameworks */,
				1F9185511C9CF53C00528804 /* Resources */,
				0099AF7859F5B758941FC1E2 /* Copy Pods Resources */,
			);
			buildRules = (
			);
			dependencies = (
			);
			name = "Github Client";
			productName = "Github Client";
			productReference = 1F9185531C9CF53C00528804 /* Github Client.app */;
			productType = "com.apple.product-type.application";
		};
/* End PBXNativeTarget section */

/* Begin PBXProject section */
		1F91854B1C9CF53C00528804 /* Project object */ = {
			isa = PBXProject;
			attributes = {
				LastUpgradeCheck = 0720;
				ORGANIZATIONNAME = Jadler;
				TargetAttributes = {
					1F9185521C9CF53C00528804 = {
						CreatedOnToolsVersion = 7.2.1;
					};
				};
			};
			buildConfigurationList = 1F91854E1C9CF53C00528804 /* Build configuration list for PBXProject "Github Client" */;
			compatibilityVersion = "Xcode 3.2";
			developmentRegion = English;
			hasScannedForEncodings = 0;
			knownRegions = (
				en,
				Base,
			);
			mainGroup = 1F91854A1C9CF53C00528804;
			productRefGroup = 1F9185541C9CF53C00528804 /* Products */;
			projectDirPath = "";
			projectRoot = "";
			targets = (
				1F9185521C9CF53C00528804 /* Github Client */,
			);
		};
/* End PBXProject section */

/* Begin PBXResourcesBuildPhase section */
		1F9185511C9CF53C00528804 /* Resources */ = {
			isa = PBXResourcesBuildPhase;
			buildActionMask = 2147483647;
			files = (
				1F9185661C9CF53C00528804 /* LaunchScreen.storyboard in Resources */,
				1F9185631C9CF53C00528804 /* Assets.xcassets in Resources */,
				1F9185611C9CF53C00528804 /* Main.storyboard in Resources */,
			);
			runOnlyForDeploymentPostprocessing = 0;
		};
/* End PBXResourcesBuildPhase section */

/* Begin PBXShellScriptBuildPhase section */
		0099AF7859F5B758941FC1E2 /* Copy Pods Resources */ = {
			isa = PBXShellScriptBuildPhase;
			buildActionMask = 2147483647;
			files = (
			);
			inputPaths = (
			);
			name = "Copy Pods Resources";
			outputPaths = (
			);
			runOnlyForDeploymentPostprocessing = 0;
			shellPath = /bin/sh;
			shellScript = "\"${SRCROOT}/Pods/Target Support Files/Pods-Github Client/Pods-Github Client-resources.sh\"\n";
			showEnvVarsInLog = 0;
		};
		35D1FEF7BDD12B37F7F8265B /* Check Pods Manifest.lock */ = {
			isa = PBXShellScriptBuildPhase;
			buildActionMask = 2147483647;
			files = (
			);
			inputPaths = (
			);
			name = "Check Pods Manifest.lock";
			outputPaths = (
			);
			runOnlyForDeploymentPostprocessing = 0;
			shellPath = /bin/sh;
			shellScript = "diff \"${PODS_ROOT}/../Podfile.lock\" \"${PODS_ROOT}/Manifest.lock\" > /dev/null\nif [[ $? != 0 ]] ; then\n    cat << EOM\nerror: The sandbox is not in sync with the Podfile.lock. Run 'pod install' or update your CocoaPods installation.\nEOM\n    exit 1\nfi\n";
			showEnvVarsInLog = 0;
		};
/* End PBXShellScriptBuildPhase section */

/* Begin PBXSourcesBuildPhase section */
		1F91854F1C9CF53C00528804 /* Sources */ = {
			isa = PBXSourcesBuildPhase;
			buildActionMask = 2147483647;
			files = (
				1F91855E1C9CF53C00528804 /* JALoginViewController.m in Sources */,
				1F91855B1C9CF53C00528804 /* AppDelegate.m in Sources */,
				1FE771F21C9CFD7E008AB9CF /* JAWebViewController.m in Sources */,
				1FE771EA1C9CFCE0008AB9CF /* JARepoTableViewController.m in Sources */,
				1FE771EE1C9CFD1B008AB9CF /* JARepoTableViewCell.m in Sources */,
				1FE771F61C9D0080008AB9CF /* JAClientManager.m in Sources */,
				1F9185581C9CF53C00528804 /* main.m in Sources */,
			);
			runOnlyForDeploymentPostprocessing = 0;
		};
/* End PBXSourcesBuildPhase section */

/* Begin PBXVariantGroup section */
		1F91855F1C9CF53C00528804 /* Main.storyboard */ = {
			isa = PBXVariantGroup;
			children = (
				1F9185601C9CF53C00528804 /* Base */,
			);
			name = Main.storyboard;
			sourceTree = "<group>";
		};
		1F9185641C9CF53C00528804 /* LaunchScreen.storyboard */ = {
			isa = PBXVariantGroup;
			children = (
				1F9185651C9CF53C00528804 /* Base */,
			);
			name = LaunchScreen.storyboard;
			sourceTree = "<group>";
		};
/* End PBXVariantGroup section */

/* Begin XCBuildConfiguration section */
		1F9185681C9CF53C00528804 /* Debug */ = {
			isa = XCBuildConfiguration;
			buildSettings = {
				ALWAYS_SEARCH_USER_PATHS = NO;
				CLANG_CXX_LANGUAGE_STANDARD = "gnu++0x";
				CLANG_CXX_LIBRARY = "libc++";
				CLANG_ENABLE_MODULES = YES;
				CLANG_ENABLE_OBJC_ARC = YES;
				CLANG_WARN_BOOL_CONVERSION = YES;
				CLANG_WARN_CONSTANT_CONVERSION = YES;
				CLANG_WARN_DIRECT_OBJC_ISA_USAGE = YES_ERROR;
				CLANG_WARN_EMPTY_BODY = YES;
				CLANG_WARN_ENUM_CONVERSION = YES;
				CLANG_WARN_INT_CONVERSION = YES;
				CLANG_WARN_OBJC_ROOT_CLASS = YES_ERROR;
				CLANG_WARN_UNREACHABLE_CODE = YES;
				CLANG_WARN__DUPLICATE_METHOD_MATCH = YES;
				"CODE_SIGN_IDENTITY[sdk=iphoneos*]" = "iPhone Developer";
				COPY_PHASE_STRIP = NO;
				DEBUG_INFORMATION_FORMAT = dwarf;
				ENABLE_STRICT_OBJC_MSGSEND = YES;
				ENABLE_TESTABILITY = YES;
				GCC_C_LANGUAGE_STANDARD = gnu99;
				GCC_DYNAMIC_NO_PIC = NO;
				GCC_NO_COMMON_BLOCKS = YES;
				GCC_OPTIMIZATION_LEVEL = 0;
				GCC_PREPROCESSOR_DEFINITIONS = (
					"DEBUG=1",
					"$(inherited)",
				);
				GCC_WARN_64_TO_32_BIT_CONVERSION = YES;
				GCC_WARN_ABOUT_RETURN_TYPE = YES_ERROR;
				GCC_WARN_UNDECLARED_SELECTOR = YES;
				GCC_WARN_UNINITIALIZED_AUTOS = YES_AGGRESSIVE;
				GCC_WARN_UNUSED_FUNCTION = YES;
				GCC_WARN_UNUSED_VARIABLE = YES;
				IPHONEOS_DEPLOYMENT_TARGET = 9.2;
				MTL_ENABLE_DEBUG_INFO = YES;
				ONLY_ACTIVE_ARCH = YES;
				SDKROOT = iphoneos;
				TARGETED_DEVICE_FAMILY = "1,2";
			};
			name = Debug;
		};
		1F9185691C9CF53C00528804 /* Release */ = {
			isa = XCBuildConfiguration;
			buildSettings = {
				ALWAYS_SEARCH_USER_PATHS = NO;
				CLANG_CXX_LANGUAGE_STANDARD = "gnu++0x";
				CLANG_CXX_LIBRARY = "libc++";
				CLANG_ENABLE_MODULES = YES;
				CLANG_ENABLE_OBJC_ARC = YES;
				CLANG_WARN_BOOL_CONVERSION = YES;
				CLANG_WARN_CONSTANT_CONVERSION = YES;
				CLANG_WARN_DIRECT_OBJC_ISA_USAGE = YES_ERROR;
				CLANG_WARN_EMPTY_BODY = YES;
				CLANG_WARN_ENUM_CONVERSION = YES;
				CLANG_WARN_INT_CONVERSION = YES;
				CLANG_WARN_OBJC_ROOT_CLASS = YES_ERROR;
				CLANG_WARN_UNREACHABLE_CODE = YES;
				CLANG_WARN__DUPLICATE_METHOD_MATCH = YES;
				"CODE_SIGN_IDENTITY[sdk=iphoneos*]" = "iPhone Developer";
				COPY_PHASE_STRIP = NO;
				DEBUG_INFORMATION_FORMAT = "dwarf-with-dsym";
				ENABLE_NS_ASSERTIONS = NO;
				ENABLE_STRICT_OBJC_MSGSEND = YES;
				GCC_C_LANGUAGE_STANDARD = gnu99;
				GCC_NO_COMMON_BLOCKS = YES;
				GCC_WARN_64_TO_32_BIT_CONVERSION = YES;
				GCC_WARN_ABOUT_RETURN_TYPE = YES_ERROR;
				GCC_WARN_UNDECLARED_SELECTOR = YES;
				GCC_WARN_UNINITIALIZED_AUTOS = YES_AGGRESSIVE;
				GCC_WARN_UNUSED_FUNCTION = YES;
				GCC_WARN_UNUSED_VARIABLE = YES;
				IPHONEOS_DEPLOYMENT_TARGET = 9.2;
				MTL_ENABLE_DEBUG_INFO = NO;
				SDKROOT = iphoneos;
				TARGETED_DEVICE_FAMILY = "1,2";
				VALIDATE_PRODUCT = YES;
			};
			name = Release;
		};
		1F91856B1C9CF53C00528804 /* Debug */ = {
			isa = XCBuildConfiguration;
			baseConfigurationReference = C53DD50BA95F97454D612466 /* Pods-Github Client.debug.xcconfig */;
			buildSettings = {
				ASSETCATALOG_COMPILER_APPICON_NAME = AppIcon;
				INFOPLIST_FILE = "Github Client/Info.plist";
				LD_RUNPATH_SEARCH_PATHS = "$(inherited) @executable_path/Frameworks";
				PRODUCT_BUNDLE_IDENTIFIER = "com.jadler.me.Github-Client";
				PRODUCT_NAME = "$(TARGET_NAME)";
			};
			name = Debug;
		};
		1F91856C1C9CF53C00528804 /* Release */ = {
			isa = XCBuildConfiguration;
			baseConfigurationReference = A2131094E0F2B3A34ECC33B2 /* Pods-Github Client.release.xcconfig */;
			buildSettings = {
				ASSETCATALOG_COMPILER_APPICON_NAME = AppIcon;
				INFOPLIST_FILE = "Github Client/Info.plist";
				LD_RUNPATH_SEARCH_PATHS = "$(inherited) @executable_path/Frameworks";
				PRODUCT_BUNDLE_IDENTIFIER = "com.jadler.me.Github-Client";
				PRODUCT_NAME = "$(TARGET_NAME)";
			};
			name = Release;
		};
/* End XCBuildConfiguration section */

/* Begin XCConfigurationList section */
		1F91854E1C9CF53C00528804 /* Build configuration list for PBXProject "Github Client" */ = {
			isa = XCConfigurationList;
			buildConfigurations = (
				1F9185681C9CF53C00528804 /* Debug */,
				1F9185691C9CF53C00528804 /* Release */,
			);
			defaultConfigurationIsVisible = 0;
			defaultConfigurationName = Release;
		};
		1F91856A1C9CF53C00528804 /* Build configuration list for PBXNativeTarget "Github Client" */ = {
			isa = XCConfigurationList;
			buildConfigurations = (
				1F91856B1C9CF53C00528804 /* Debug */,
				1F91856C1C9CF53C00528804 /* Release */,
			);
			defaultConfigurationIsVisible = 0;
			defaultConfigurationName = Release;
		};
/* End XCConfigurationList section */
	};
	rootObject = 1F91854B1C9CF53C00528804 /* Project object */;
}
